
Microsoft Visual Studio Solution File, Format Version 12.00
Project("{FAE04EC0-301F-11D3-BF4B-00C04F79EFBC}") = "Bellows", "Bellows\Bellows.csproj", "{5888091E-E013-4E61-BEAA-C0BD585FBD10}"
EndProject
Project("{FAE04EC0-301F-11D3-BF4B-00C04F79EFBC}") = "Bellows.Tests", "Bellows.Tests\Bellows.Tests.csproj", "{EDD81FBB-7902-4226-BEAF-054B76852686}"
EndProject
Project("{2150E333-8FDC-42A3-9474-1A3956D46DE8}") = "Samples", "Samples", "{61BE2F0E-178D-468B-BDE8-2A436B1F7F90}"
EndProject
Project("{FAE04EC0-301F-11D3-BF4B-00C04F79EFBC}") = "AspNetCoreSample", "Samples\AspNetCoreSample\AspNetCoreSample.csproj", "{F732B95B-4D8F-48D3-B2D2-569E07AD2A1F}"
EndProject
Project("{FAE04EC0-301F-11D3-BF4B-00C04F79EFBC}") = "AspNetCoreSample.PipelineBehavior", "Samples\AspNetCoreSample.PipelineBehavior\AspNetCoreSample.PipelineBehavior.csproj", "{F235BB22-8DE8-44C8-9896-B2545495D0D6}"
EndProject
Global
	GlobalSection(SolutionConfigurationPlatforms) = preSolution
		Debug|Any CPU = Debug|Any CPU
		Release|Any CPU = Release|Any CPU
	EndGlobalSection
	GlobalSection(ProjectConfigurationPlatforms) = postSolution
		{5888091E-E013-4E61-BEAA-C0BD585FBD10}.Debug|Any CPU.ActiveCfg = Debug|Any CPU
		{5888091E-E013-4E61-BEAA-C0BD585FBD10}.Debug|Any CPU.Build.0 = Debug|Any CPU
		{5888091E-E013-4E61-BEAA-C0BD585FBD10}.Release|Any CPU.ActiveCfg = Release|Any CPU
		{5888091E-E013-4E61-BEAA-C0BD585FBD10}.Release|Any CPU.Build.0 = Release|Any CPU
		{EDD81FBB-7902-4226-BEAF-054B76852686}.Debug|Any CPU.ActiveCfg = Debug|Any CPU
		{EDD81FBB-7902-4226-BEAF-054B76852686}.Debug|Any CPU.Build.0 = Debug|Any CPU
		{EDD81FBB-7902-4226-BEAF-054B76852686}.Release|Any CPU.ActiveCfg = Release|Any CPU
		{EDD81FBB-7902-4226-BEAF-054B76852686}.Release|Any CPU.Build.0 = Release|Any CPU
		{F732B95B-4D8F-48D3-B2D2-569E07AD2A1F}.Debug|Any CPU.ActiveCfg = Debug|Any CPU
		{F732B95B-4D8F-48D3-B2D2-569E07AD2A1F}.Debug|Any CPU.Build.0 = Debug|Any CPU
		{F732B95B-4D8F-48D3-B2D2-569E07AD2A1F}.Release|Any CPU.ActiveCfg = Release|Any CPU
		{F732B95B-4D8F-48D3-B2D2-569E07AD2A1F}.Release|Any CPU.Build.0 = Release|Any CPU
		{F235BB22-8DE8-44C8-9896-B2545495D0D6}.Debug|Any CPU.ActiveCfg = Debug|Any CPU
		{F235BB22-8DE8-44C8-9896-B2545495D0D6}.Debug|Any CPU.Build.0 = Debug|Any CPU
		{F235BB22-8DE8-44C8-9896-B2545495D0D6}.Release|Any CPU.ActiveCfg = Release|Any CPU
		{F235BB22-8DE8-44C8-9896-B2545495D0D6}.Release|Any CPU.Build.0 = Release|Any CPU
	EndGlobalSection
	GlobalSection(NestedProjects) = preSolution
		{F732B95B-4D8F-48D3-B2D2-569E07AD2A1F} = {61BE2F0E-178D-468B-BDE8-2A436B1F7F90}
		{F235BB22-8DE8-44C8-9896-B2545495D0D6} = {61BE2F0E-178D-468B-BDE8-2A436B1F7F90}
	EndGlobalSection
EndGlobal
